<?xml version="1.0" encoding="utf-8"?>
<Project ToolsVersion="4.0" xmlns="http://schemas.microsoft.com/developer/msbuild/2003">
  <ItemGroup>
    <Filter Include="Source Files">
      <UniqueIdentifier>{4FC737F1-C7A5-4376-A066-2A32D752A2FF}</UniqueIdentifier>
      <Extensions>cpp;c;cc;cxx;c++;cppm;ixx;def;odl;idl;hpj;bat;asm;asmx</Extensions>
    </Filter>
    <Filter Include="Header Files">
      <UniqueIdentifier>{93995380-89BD-4b04-88EB-625FBE52EBFB}</UniqueIdentifier>
      <Extensions>h;hh;hpp;hxx;h++;hm;inl;inc;ipp;xsd</Extensions>
    </Filter>
    <Filter Include="Resource Files">
      <UniqueIdentifier>{67DA6AB6-F800-4c08-8B7A-83BB121AAD01}</UniqueIdentifier>
      <Extensions>rc;ico;cur;bmp;dlg;rc2;rct;bin;rgs;gif;jpg;jpeg;jpe;resx;tiff;tif;png;wav;mfcribbon-ms</Extensions>
    </Filter>
    <Filter Include="Scene">
      <UniqueIdentifier>{049112e2-7d7d-4701-b56f-1dff0689bbf8}</UniqueIdentifier>
    </Filter>
    <Filter Include="Scene\Nodes">
      <UniqueIdentifier>{cd84cd61-2ec6-4e5d-9ca7-52dae47592d1}</UniqueIdentifier>
    </Filter>
    <Filter Include="Mesh">
      <UniqueIdentifier>{ee52f5d8-03b6-418d-98e7-ee3bef48f23f}</UniqueIdentifier>
    </Filter>
    <Filter Include="Buffer">
      <UniqueIdentifier>{1c8f5e2b-85ef-4f71-8ddd-0e849d3ebf8a}</UniqueIdentifier>
    </Filter>
    <Filter Include="Import">
      <UniqueIdentifier>{7553831a-a26f-47be-9379-42bff18afd4c}</UniqueIdentifier>
    </Filter>
    <Filter Include="Engine">
      <UniqueIdentifier>{0669334a-54f4-4ce2-821b-f60b4ef9b1b9}</UniqueIdentifier>
    </Filter>
    <Filter Include="Material">
      <UniqueIdentifier>{321b511d-943e-4dec-af53-556a005a48ed}</UniqueIdentifier>
    </Filter>
    <Filter Include="Texture2D">
      <UniqueIdentifier>{809a1d87-be42-40e9-abc7-aed56af8e488}</UniqueIdentifier>
    </Filter>
    <Filter Include="Helper">
      <UniqueIdentifier>{12bdfc1d-57a8-4359-a636-c15192bac589}</UniqueIdentifier>
    </Filter>
  </ItemGroup>
  <ItemGroup>
    <ClInclude Include="framework.h">
      <Filter>Header Files</Filter>
    </ClInclude>
    <ClInclude Include="pch.h">
      <Filter>Header Files</Filter>
    </ClInclude>
    <ClInclude Include="SceneGraph.h">
      <Filter>Scene</Filter>
    </ClInclude>
    <ClInclude Include="Node.h">
      <Filter>Scene</Filter>
    </ClInclude>
    <ClInclude Include="NodeEntity.h">
      <Filter>Scene\Nodes</Filter>
    </ClInclude>
    <ClInclude Include="Mesh3D.h">
      <Filter>Mesh</Filter>
    </ClInclude>
    <ClInclude Include="data.h">
      <Filter>Mesh</Filter>
    </ClInclude>
    <ClInclude Include="MeshBuffer.h">
      <Filter>Buffer</Filter>
    </ClInclude>
    <ClInclude Include="Engine.h">
      <Filter>Engine</Filter>
    </ClInclude>
    <ClInclude Include="Importer.h">
      <Filter>Import</Filter>
    </ClInclude>
    <ClInclude Include="MaterialBase.h">
      <Filter>Material</Filter>
    </ClInclude>
    <ClInclude Include="Texture2D.h">
      <Filter>Texture2D</Filter>
    </ClInclude>
    <ClInclude Include="NodeCamera.h">
      <Filter>Scene\Nodes</Filter>
    </ClInclude>
    <ClInclude Include="MathsHelp.h">
      <Filter>Helper</Filter>
    </ClInclude>
    <ClInclude Include="NodeLight.h">
      <Filter>Scene\Nodes</Filter>
    </ClInclude>
    <ClInclude Include="MaterialMeshLight.h">
      <Filter>Material</Filter>
    </ClInclude>
  </ItemGroup>
  <ItemGroup>
    <ClCompile Include="VividEngine.cpp">
      <Filter>Source Files</Filter>
    </ClCompile>
    <ClCompile Include="pch.cpp">
      <Filter>Source Files</Filter>
    </ClCompile>
    <ClCompile Include="SceneGraph.cpp">
      <Filter>Scene</Filter>
    </ClCompile>
    <ClCompile Include="Node.cpp">
      <Filter>Scene</Filter>
    </ClCompile>
    <ClCompile Include="NodeEntity.cpp">
      <Filter>Scene\Nodes</Filter>
    </ClCompile>
    <ClCompile Include="Mesh3D.cpp">
      <Filter>Mesh</Filter>
    </ClCompile>
    <ClCompile Include="MeshBuffer.cpp">
      <Filter>Buffer</Filter>
    </ClCompile>
    <ClCompile Include="Engine.cpp">
      <Filter>Engine</Filter>
    </ClCompile>
    <ClCompile Include="Importer.cpp">
      <Filter>Import</Filter>
    </ClCompile>
    <ClCompile Include="MaterialBase.cpp">
      <Filter>Material</Filter>
    </ClCompile>
    <ClCompile Include="Texture2D.cpp">
      <Filter>Texture2D</Filter>
    </ClCompile>
    <ClCompile Include="NodeCamera.cpp">
      <Filter>Scene\Nodes</Filter>
    </ClCompile>
    <ClCompile Include="MathsHelp.cpp">
      <Filter>Helper</Filter>
    </ClCompile>
    <ClCompile Include="NodeLight.cpp">
      <Filter>Scene\Nodes</Filter>
    </ClCompile>
    <ClCompile Include="MaterialMeshLight.cpp">
      <Filter>Material</Filter>
    </ClCompile>
  </ItemGroup>
</Project>