<?xml version="1.0" encoding="utf-8"?>
<Project ToolsVersion="4.0" xmlns="http://schemas.microsoft.com/developer/msbuild/2003">
  <ItemGroup>
    <Filter Include="Source Files">
      <UniqueIdentifier>{4FC737F1-C7A5-4376-A066-2A32D752A2FF}</UniqueIdentifier>
      <Extensions>qml;cpp;c;cc;cxx;def;odl;idl;hpj;bat;asm;asmx</Extensions>
    </Filter>
    <Filter Include="Header Files">
      <UniqueIdentifier>{93995380-89BD-4b04-88EB-625FBE52EBFB}</UniqueIdentifier>
      <Extensions>h;hh;hpp;hxx;hm;inl;inc;xsd</Extensions>
    </Filter>
    <Filter Include="Resource Files">
      <UniqueIdentifier>{67DA6AB6-F800-4c08-8B7A-83BB121AAD01}</UniqueIdentifier>
      <Extensions>qrc;rc;ico;cur;bmp;dlg;rc2;rct;bin;rgs;gif;jpg;jpeg;jpe;resx;tiff;tif;png;wav;mfcribbon-ms</Extensions>
    </Filter>
    <Filter Include="Form Files">
      <UniqueIdentifier>{99349809-55BA-4b9d-BF79-8FDBB0286EB3}</UniqueIdentifier>
      <Extensions>ui</Extensions>
    </Filter>
    <Filter Include="Translation Files">
      <UniqueIdentifier>{639EADAA-A684-42e4-A9AD-28FC9BCB8F7C}</UniqueIdentifier>
      <Extensions>ts</Extensions>
    </Filter>
    <Filter Include="Widgets">
      <UniqueIdentifier>{94bc2e27-d40b-4f7e-aed0-22a82d169290}</UniqueIdentifier>
    </Filter>
    <Filter Include="Editor">
      <UniqueIdentifier>{198d5620-0501-4fdf-8721-f5d01db25d48}</UniqueIdentifier>
    </Filter>
    <Filter Include="EditHelp">
      <UniqueIdentifier>{238aa0a1-f237-40f4-8a62-a9323c041672}</UniqueIdentifier>
    </Filter>
  </ItemGroup>
  <ItemGroup>
    <QtRcc Include="Vivid3D.qrc">
      <Filter>Resource Files</Filter>
    </QtRcc>
    <QtUic Include="Vivid3D.ui">
      <Filter>Form Files</Filter>
    </QtUic>
    <QtMoc Include="Vivid3D.h">
      <Filter>Header Files</Filter>
    </QtMoc>
    <ClCompile Include="Vivid3D.cpp">
      <Filter>Source Files</Filter>
    </ClCompile>
    <None Include="Vivid3D.ico">
      <Filter>Resource Files</Filter>
    </None>
    <ResourceCompile Include="Vivid3D.rc">
      <Filter>Resource Files</Filter>
    </ResourceCompile>
  </ItemGroup>
  <ItemGroup>
    <ClCompile Include="main.cpp">
      <Filter>Source Files</Filter>
    </ClCompile>
    <ClCompile Include="Widgets\VOutput.cpp">
      <Filter>Source Files</Filter>
    </ClCompile>
    <ClCompile Include="VSceneGraph.cpp">
      <Filter>Source Files</Filter>
    </ClCompile>
    <ClCompile Include="VTreeView.cpp">
      <Filter>Widgets</Filter>
    </ClCompile>
    <ClCompile Include="Editor.cpp">
      <Filter>Editor</Filter>
    </ClCompile>
    <ClCompile Include="VTools.cpp">
      <Filter>Source Files</Filter>
    </ClCompile>
    <ClCompile Include="VContentBrowser.cpp">
      <Filter>Source Files</Filter>
    </ClCompile>
    <ClCompile Include="VContentView.cpp">
      <Filter>Widgets</Filter>
    </ClCompile>
    <ClCompile Include="VPropertyEditor.cpp">
      <Filter>Widgets</Filter>
    </ClCompile>
    <ClCompile Include="VPropEditor.cpp">
      <Filter>Source Files</Filter>
    </ClCompile>
    <ClCompile Include="VImagePreview.cpp">
      <Filter>Source Files</Filter>
    </ClCompile>
    <ClCompile Include="VColorPreview.cpp">
      <Filter>Source Files</Filter>
    </ClCompile>
    <ClCompile Include="EditHelp.cpp">
      <Filter>EditHelp</Filter>
    </ClCompile>
    <ClCompile Include="VMainMenu.cpp">
      <Filter>Source Files</Filter>
    </ClCompile>
    <ClCompile Include="VCinemaTimeLine.cpp">
      <Filter>Widgets</Filter>
    </ClCompile>
    <ClCompile Include="VCinemaEditor.cpp">
      <Filter>Source Files</Filter>
    </ClCompile>
    <ClCompile Include="VTimeTrack.cpp">
      <Filter>Source Files</Filter>
    </ClCompile>
    <ClCompile Include="VNodeFrame.cpp">
      <Filter>Source Files</Filter>
    </ClCompile>
    <ClCompile Include="VTrackNode.cpp">
      <Filter>Source Files</Filter>
    </ClCompile>
    <ClCompile Include="VTrackTimeLine.cpp">
      <Filter>Source Files</Filter>
    </ClCompile>
    <ClCompile Include="VTrackFrame.cpp">
      <Filter>Source Files</Filter>
    </ClCompile>
    <ClCompile Include="VCreateAnimation.cpp">
      <Filter>Source Files</Filter>
    </ClCompile>
    <ClCompile Include="VImportModel.cpp">
      <Filter>Source Files</Filter>
    </ClCompile>
    <ClCompile Include="ImportSettings.cpp">
      <Filter>Source Files</Filter>
    </ClCompile>
  </ItemGroup>
  <ItemGroup>
    <QtMoc Include="Widgets\VOutput.h">
      <Filter>Header Files</Filter>
    </QtMoc>
    <QtMoc Include="VTreeView.h">
      <Filter>Widgets</Filter>
    </QtMoc>
    <QtMoc Include="VSceneGraph.h">
      <Filter>Header Files</Filter>
    </QtMoc>
    <QtMoc Include="VTools.h">
      <Filter>Header Files</Filter>
    </QtMoc>
    <QtMoc Include="VContentBrowser.h">
      <Filter>Header Files</Filter>
    </QtMoc>
    <QtMoc Include="VContentView.h">
      <Filter>Widgets</Filter>
    </QtMoc>
    <QtMoc Include="VPropertyEditor.h">
      <Filter>Widgets</Filter>
    </QtMoc>
    <QtMoc Include="VPropEditor.h">
      <Filter>Header Files</Filter>
    </QtMoc>
    <QtMoc Include="VImagePreview.h">
      <Filter>Header Files</Filter>
    </QtMoc>
    <QtMoc Include="VColorPreview.h">
      <Filter>Header Files</Filter>
    </QtMoc>
    <QtMoc Include="VMainMenu.h">
      <Filter>Header Files</Filter>
    </QtMoc>
    <QtMoc Include="VCinemaTimeLine.h">
      <Filter>Widgets</Filter>
    </QtMoc>
    <QtMoc Include="VCinemaEditor.h">
      <Filter>Header Files</Filter>
    </QtMoc>
    <QtMoc Include="VTimeTrack.h">
      <Filter>Header Files</Filter>
    </QtMoc>
    <QtMoc Include="VNodeFrame.h">
      <Filter>Header Files</Filter>
    </QtMoc>
    <QtMoc Include="VTrackNode.h">
      <Filter>Header Files</Filter>
    </QtMoc>
    <QtMoc Include="VTrackTimeLine.h">
      <Filter>Header Files</Filter>
    </QtMoc>
    <QtMoc Include="VTrackFrame.h">
      <Filter>Header Files</Filter>
    </QtMoc>
    <QtMoc Include="VCreateAnimation.h">
      <Filter>Header Files</Filter>
    </QtMoc>
    <QtMoc Include="VImportModel.h">
      <Filter>Header Files</Filter>
    </QtMoc>
  </ItemGroup>
  <ItemGroup>
    <QtUic Include="Widgets\VOutput.ui">
      <Filter>Form Files</Filter>
    </QtUic>
    <QtUic Include="VSceneGraph.ui">
      <Filter>Form Files</Filter>
    </QtUic>
    <QtUic Include="VTreeView.ui">
      <Filter>Form Files</Filter>
    </QtUic>
    <QtUic Include="VTools.ui">
      <Filter>Form Files</Filter>
    </QtUic>
    <QtUic Include="VContentBrowser.ui">
      <Filter>Form Files</Filter>
    </QtUic>
    <QtUic Include="VContentView.ui">
      <Filter>Form Files</Filter>
    </QtUic>
    <QtUic Include="VElementEditor.ui">
      <Filter>Form Files</Filter>
    </QtUic>
    <QtUic Include="VPropertyEditor.ui">
      <Filter>Form Files</Filter>
    </QtUic>
    <QtUic Include="VPropEditor.ui">
      <Filter>Form Files</Filter>
    </QtUic>
    <QtUic Include="VImagePreview.ui">
      <Filter>Form Files</Filter>
    </QtUic>
    <QtUic Include="VColorPreview.ui">
      <Filter>Form Files</Filter>
    </QtUic>
    <QtUic Include="VMainMenu.ui">
      <Filter>Form Files</Filter>
    </QtUic>
    <QtUic Include="VCinemaTimeLine.ui">
      <Filter>Form Files</Filter>
    </QtUic>
    <QtUic Include="VCinemaEditor.ui">
      <Filter>Form Files</Filter>
    </QtUic>
    <QtUic Include="VTimeTrack.ui">
      <Filter>Form Files</Filter>
    </QtUic>
    <QtUic Include="VNodeFrame.ui">
      <Filter>Form Files</Filter>
    </QtUic>
    <QtUic Include="VTrackNode.ui">
      <Filter>Form Files</Filter>
    </QtUic>
    <QtUic Include="VTrackTimeLine.ui">
      <Filter>Form Files</Filter>
    </QtUic>
    <QtUic Include="VTrackFrame.ui">
      <Filter>Form Files</Filter>
    </QtUic>
    <QtUic Include="VCreateAnimation.ui">
      <Filter>Form Files</Filter>
    </QtUic>
    <QtUic Include="VImportModel.ui">
      <Filter>Form Files</Filter>
    </QtUic>
  </ItemGroup>
  <ItemGroup>
    <ClInclude Include="Editor.h">
      <Filter>Editor</Filter>
    </ClInclude>
    <ClInclude Include="EditHelp.h">
      <Filter>EditHelp</Filter>
    </ClInclude>
    <ClInclude Include="ImportSettings.h">
      <Filter>Header Files</Filter>
    </ClInclude>
  </ItemGroup>
</Project>